<?xml version="1.0" encoding="utf-8"?>
<Project ToolsVersion="4.0" xmlns="http://schemas.microsoft.com/developer/msbuild/2003">
  <ItemGroup>
    <Filter Include="资源文件">
      <UniqueIdentifier>{67DA6AB6-F800-4c08-8B7A-83BB121AAD01}</UniqueIdentifier>
      <Extensions>rc;ico;cur;bmp;dlg;rc2;rct;bin;rgs;gif;jpg;jpeg;jpe;resx;tiff;tif;png;wav;mfcribbon-ms</Extensions>
    </Filter>
  </ItemGroup>
  <ItemGroup>
    <ClInclude Include="stdafx.h" />
    <ClInclude Include="type.h" />
    <ClInclude Include="net\EventLoop.h" />
    <ClInclude Include="base\Thread.h" />
    <ClInclude Include="platform.h" />
    <ClInclude Include="base\ThreadPool.h" />
    <ClInclude Include="base\lock.h" />
    <ClInclude Include="base\CountDownLatch.h" />
    <ClInclude Include="base\AsyncLogging.h" />
    <ClInclude Include="base\LogStream.h" />
    <ClInclude Include="base\StringPiece.h" />
    <ClInclude Include="base\LogFile.h" />
    <ClInclude Include="net\Buffer.h" />
    <ClInclude Include="base\Copyable.h" />
    <ClInclude Include="base\minidump.h" />
    <ClInclude Include="base\Timestamp.h" />
    <ClInclude Include="base\crossplatform.h" />
    <ClInclude Include="base\Logging.h" />
    <ClInclude Include="base\FileUtil.h" />
    <ClInclude Include="base\endiantool.h" />
    <ClInclude Include="base\sockettool.h" />
    <ClInclude Include="net\poller\Select.h" />
    <ClInclude Include="net\Acceptor.h" />
    <ClInclude Include="net\Poller.h" />
    <ClInclude Include="net\poller\PollPoller.h" />
    <ClInclude Include="net\Channel.h" />
    <ClInclude Include="net\Socket.h" />
    <ClInclude Include="net\InetAddress.h" />
    <ClInclude Include="net\TcpServer.h" />
    <ClInclude Include="net\TcpConnection.h" />
    <ClInclude Include="net\Callbacks.h" />
    <ClInclude Include="base\Atomic.h" />
    <ClInclude Include="net\Connector.h" />
    <ClInclude Include="net\TcpClient.h" />
    <ClInclude Include="net\TimerQueue.h" />
    <ClInclude Include="net\Timer.h" />
    <ClInclude Include="net\TimerId.h" />
    <ClInclude Include="net\EventLoopThread.h" />
    <ClInclude Include="net\EventLoopThreadPool.h" />
    <ClInclude Include="base\yqueue.hpp" />
    <ClInclude Include="base\atomic_ptr.hpp" />
    <ClInclude Include="base\ypipe.hpp" />
    <ClInclude Include="base\fast_mutex.h" />
    <ClInclude Include="base\echotool.h" />
    <ClInclude Include="file\FileEnv.h" />
    <ClInclude Include="net\http\HttpRequest.h" />
    <ClInclude Include="net\http\HttpResponse.h" />
    <ClInclude Include="net\http\HttpContext.h" />
    <ClInclude Include="net\http\HttpServer.h" />
    <ClInclude Include="util\hexdump.h" />
    <ClInclude Include="util\rbtree.h" />
    <ClInclude Include="util\FreeList.h" />
  </ItemGroup>
  <ItemGroup>
    <ClCompile Include="stdafx.cpp" />
    <ClCompile Include="net\EventLoop.cpp" />
    <ClCompile Include="base\Thread.cpp" />
    <ClCompile Include="base\ThreadPool.cpp" />
    <ClCompile Include="base\lock.cpp" />
    <ClCompile Include="base\tests\lock_test.cpp" />
    <ClCompile Include="base\tests\ThreadPool_test.cpp" />
    <ClCompile Include="base\tests\thread_test.cpp" />
    <ClCompile Include="base\CountDownLatch.cpp" />
    <ClCompile Include="base\AsyncLogging.cpp" />
    <ClCompile Include="base\LogStream.cpp" />
    <ClCompile Include="base\StringPiece.cpp" />
    <ClCompile Include="base\tests\LogStream_test.cpp" />
    <ClCompile Include="base\LogFile.cpp" />
    <ClCompile Include="net\Buffer.cpp" />
    <ClCompile Include="base\minidump.cpp" />
    <ClCompile Include="base\tests\minidump_test.cpp" />
    <ClCompile Include="base\Timestamp.cpp" />
    <ClCompile Include="base\crossplatform.cpp" />
    <ClCompile Include="base\tests\Timestamp_test.cpp" />
    <ClCompile Include="base\tests\AsyncLogging_test.cpp" />
    <ClCompile Include="base\Logging.cpp" />
    <ClCompile Include="base\FileUtil.cpp" />
    <ClCompile Include="base\tests\LogFile_test.cpp" />
    <ClCompile Include="base\tests\FileUtil_test.cpp" />
    <ClCompile Include="base\tests\Logging_test.cpp" />
    <ClCompile Include="base\endiantool.cpp" />
    <ClCompile Include="base\tests\endiantool_test.cpp" />
    <ClCompile Include="base\sockettool.cpp" />
    <ClCompile Include="net\tests\Buffer_unittest.cc" />
    <ClCompile Include="net\tests\Buffer_test.cpp" />
    <ClCompile Include="net\poller\Select.cpp" />
    <ClCompile Include="net\Acceptor.cpp" />
    <ClCompile Include="net\Poller.cpp" />
    <ClCompile Include="net\poller\DefaultPoller.cpp" />
    <ClCompile Include="net\poller\PollPoller.cpp" />
    <ClCompile Include="net\Channel.cpp" />
    <ClCompile Include="net\Socket.cpp" />
    <ClCompile Include="net\InetAddress.cpp" />
    <ClCompile Include="net\TcpServer.cpp" />
    <ClCompile Include="net\TcpConnection.cpp" />
    <ClCompile Include="net\tests\TcpServer_test1.cpp" />
    <ClCompile Include="net\tests\TcpServer_test2_runinloop.cpp" />
    <ClCompile Include="net\tests\TcpServer_test_tcpserver.cpp" />
    <ClCompile Include="net\tests\TcpServer_test_tcpserver2.cpp" />
    <ClCompile Include="net\tests\TcpServer_test_tcpserver3.cpp" />
    <ClCompile Include="net\Connector.cpp" />
    <ClCompile Include="net\tests\Connector_test.cpp" />
    <ClCompile Include="net\TcpClient.cpp" />
    <ClCompile Include="net\TimerQueue.cpp" />
    <ClCompile Include="net\Timer.cpp" />
    <ClCompile Include="net\tests\TimerQueue_test.cc" />
    <ClCompile Include="net\tests\TcpClient_test1.cpp" />
    <ClCompile Include="net\tests\TcpClient_test2.cpp" />
    <ClCompile Include="net\tests\TcpClient_test3.cpp" />
    <ClCompile Include="net\tests\TcpClient_testMy.cpp" />
    <ClCompile Include="net\EventLoopThread.cpp" />
    <ClCompile Include="net\EventLoopThreadPool.cpp" />
    <ClCompile Include="net\tests\EventLoopThread_test.cpp" />
    <ClCompile Include="net\tests\TcpServer_multiLoopTest.cpp" />
    <ClCompile Include="net\tests\Timer_test.cpp" />
    <ClCompile Include="base\tests\fast_mutex_test.cpp" />
    <ClCompile Include="base\echotool.cpp" />
    <ClCompile Include="base\tests\echotool_test.cpp" />
    <ClCompile Include="net\http\HttpResponse.cpp" />
    <ClCompile Include="net\http\HttpContext.cpp" />
    <ClCompile Include="net\http\HttpServer.cpp" />
    <ClCompile Include="net\http\tests\HttpServer_test.cc" />
    <ClCompile Include="net\http\tests\HttpRequest_unittest.cc" />
    <ClCompile Include="util\hexdump.cpp" />
    <ClCompile Include="util\tests\hexdump_test.cpp" />
    <ClCompile Include="util\rbtree.cpp" />
  </ItemGroup>
  <ItemGroup>
    <Text Include="README.txt" />
  </ItemGroup>
</Project>