<?xml version="1.0" encoding="utf-8"?>
<Project ToolsVersion="4.0" xmlns="http://schemas.microsoft.com/developer/msbuild/2003">
  <ItemGroup>
    <Filter Include="资源文件">
      <UniqueIdentifier>{67DA6AB6-F800-4c08-8B7A-83BB121AAD01}</UniqueIdentifier>
      <Extensions>rc;ico;cur;bmp;dlg;rc2;rct;bin;rgs;gif;jpg;jpeg;jpe;resx;tiff;tif;png;wav;mfcribbon-ms</Extensions>
    </Filter>
  </ItemGroup>
  <ItemGroup>
    <ClInclude Include="stdafx.h" />
    <ClInclude Include="type.h" />
    <ClInclude Include="net\EventLoop.h" />
    <ClInclude Include="base\Thread.h" />
    <ClInclude Include="platform.h" />
    <ClInclude Include="base\ThreadPool.h" />
    <ClInclude Include="base\lock.h" />
    <ClInclude Include="base\CountDownLatch.h" />
    <ClInclude Include="base\AsyncLogging.h" />
    <ClInclude Include="base\LogStream.h" />
    <ClInclude Include="base\StringPiece.h" />
    <ClInclude Include="base\LogFile.h" />
    <ClInclude Include="net\Buffer.h" />
    <ClInclude Include="base\Copyable.h" />
    <ClInclude Include="base\minidump.h" />
    <ClInclude Include="base\Timestamp.h" />
    <ClInclude Include="base\crossplatform.h" />
  </ItemGroup>
  <ItemGroup>
    <ClCompile Include="stdafx.cpp" />
    <ClCompile Include="net\EventLoop.cpp" />
    <ClCompile Include="base\Thread.cpp" />
    <ClCompile Include="base\ThreadPool.cpp" />
    <ClCompile Include="base\lock.cpp" />
    <ClCompile Include="base\tests\lock_test.cpp" />
    <ClCompile Include="base\tests\ThreadPool_test.cpp" />
    <ClCompile Include="base\tests\thread_test.cpp" />
    <ClCompile Include="base\CountDownLatch.cpp" />
    <ClCompile Include="base\AsyncLogging.cpp" />
    <ClCompile Include="base\LogStream.cpp" />
    <ClCompile Include="base\StringPiece.cpp" />
    <ClCompile Include="base\tests\LogStream_test.cpp" />
    <ClCompile Include="base\LogFile.cpp" />
    <ClCompile Include="net\Buffer.cpp" />
    <ClCompile Include="base\Copyable.cpp" />
    <ClCompile Include="base\minidump.cpp" />
    <ClCompile Include="base\tests\minidump_test.cpp" />
    <ClCompile Include="base\Timestamp.cpp" />
    <ClCompile Include="base\crossplatform.cpp" />
    <ClCompile Include="base\tests\Timestamp_test.cpp" />
  </ItemGroup>
</Project>